// !$*UTF8*$!
{
	archiveVersion = 1;
	classes = {
	};
	objectVersion = 56;
	objects = {

/* Begin PBXBuildFile section */
		9406E4EE2C3560AE00B8DB77 /* RouterProtocol.swift in Sources */ = {isa = PBXBuildFile; fileRef = 9406E4ED2C3560AE00B8DB77 /* RouterProtocol.swift */; };
		9406E4F02C3560B600B8DB77 /* VendorRouter.swift in Sources */ = {isa = PBXBuildFile; fileRef = 9406E4EF2C3560B600B8DB77 /* VendorRouter.swift */; };
		941E7EE52CBD98BE00F260FC /* AppDelegate.swift in Sources */ = {isa = PBXBuildFile; fileRef = 941E7EE42CBD98BE00F260FC /* AppDelegate.swift */; };
		941E7EE72CBD9A7000F260FC /* GoogleService-Info.plist in Resources */ = {isa = PBXBuildFile; fileRef = 941E7EE62CBD9A7000F260FC /* GoogleService-Info.plist */; };
		941E7EE92CBDA62600F260FC /* MySalesViewModel.swift in Sources */ = {isa = PBXBuildFile; fileRef = 941E7EE82CBDA62600F260FC /* MySalesViewModel.swift */; };
		941E7EEB2CBDA6A800F260FC /* IBANViewModel.swift in Sources */ = {isa = PBXBuildFile; fileRef = 941E7EEA2CBDA6A800F260FC /* IBANViewModel.swift */; };
		941E7EED2CBDA82500F260FC /* MyAuctionsViewModel.swift in Sources */ = {isa = PBXBuildFile; fileRef = 941E7EEC2CBDA82500F260FC /* MyAuctionsViewModel.swift */; };
		941E7EEF2CBDA86300F260FC /* BuyingItemsViewModel.swift in Sources */ = {isa = PBXBuildFile; fileRef = 941E7EEE2CBDA86300F260FC /* BuyingItemsViewModel.swift */; };
		941E7EF12CBDA8AD00F260FC /* AddAuctionViewModel.swift in Sources */ = {isa = PBXBuildFile; fileRef = 941E7EF02CBDA8AD00F260FC /* AddAuctionViewModel.swift */; };
		941E7EF32CBDAAA900F260FC /* AuctionDetailViewModel.swift in Sources */ = {isa = PBXBuildFile; fileRef = 941E7EF22CBDAAA900F260FC /* AuctionDetailViewModel.swift */; };
		941E7EF52CBDAB2D00F260FC /* AlertMessage.swift in Sources */ = {isa = PBXBuildFile; fileRef = 941E7EF42CBDAB2D00F260FC /* AlertMessage.swift */; };
		9424EAAC2C0CC16400429CDE /* RemoteUser.swift in Sources */ = {isa = PBXBuildFile; fileRef = 9424EAAB2C0CC16400429CDE /* RemoteUser.swift */; };
		9424EAAE2C10F31900429CDE /* DashBoardViewModel.swift in Sources */ = {isa = PBXBuildFile; fileRef = 9424EAAD2C10F31900429CDE /* DashBoardViewModel.swift */; };
		942E68AA2BE9D493007D0046 /* MyAuctionsView.swift in Sources */ = {isa = PBXBuildFile; fileRef = 942E68A92BE9D493007D0046 /* MyAuctionsView.swift */; };
		942E68AC2BE9D7C0007D0046 /* AuctionDetailView.swift in Sources */ = {isa = PBXBuildFile; fileRef = 942E68AB2BE9D7C0007D0046 /* AuctionDetailView.swift */; };
		942E68B02BE9DED5007D0046 /* AddAuctionView.swift in Sources */ = {isa = PBXBuildFile; fileRef = 942E68AF2BE9DED5007D0046 /* AddAuctionView.swift */; };
		944D6F1B2B13B2FD008C97F2 /* DietiDeals24App.swift in Sources */ = {isa = PBXBuildFile; fileRef = 944D6F1A2B13B2FD008C97F2 /* DietiDeals24App.swift */; };
		944D6F1D2B13B2FD008C97F2 /* ContentView.swift in Sources */ = {isa = PBXBuildFile; fileRef = 944D6F1C2B13B2FD008C97F2 /* ContentView.swift */; };
		944D6F1F2B13B300008C97F2 /* Assets.xcassets in Resources */ = {isa = PBXBuildFile; fileRef = 944D6F1E2B13B300008C97F2 /* Assets.xcassets */; };
		944D6F222B13B300008C97F2 /* Preview Assets.xcassets in Resources */ = {isa = PBXBuildFile; fileRef = 944D6F212B13B300008C97F2 /* Preview Assets.xcassets */; };
		944D6F2C2B13B301008C97F2 /* DietiDeals24Tests.swift in Sources */ = {isa = PBXBuildFile; fileRef = 944D6F2B2B13B301008C97F2 /* DietiDeals24Tests.swift */; };
		944D6F362B13B301008C97F2 /* DietiDeals24UITests.swift in Sources */ = {isa = PBXBuildFile; fileRef = 944D6F352B13B301008C97F2 /* DietiDeals24UITests.swift */; };
		944D6F382B13B301008C97F2 /* DietiDeals24UITestsLaunchTests.swift in Sources */ = {isa = PBXBuildFile; fileRef = 944D6F372B13B301008C97F2 /* DietiDeals24UITestsLaunchTests.swift */; };
		944D6F452B13B3A3008C97F2 /* LoginView.swift in Sources */ = {isa = PBXBuildFile; fileRef = 944D6F442B13B3A3008C97F2 /* LoginView.swift */; };
		944D6F472B13BA3E008C97F2 /* LoginViewModel.swift in Sources */ = {isa = PBXBuildFile; fileRef = 944D6F462B13BA3E008C97F2 /* LoginViewModel.swift */; };
		944E16162C35982E00C8E4E8 /* RegisterView.swift in Sources */ = {isa = PBXBuildFile; fileRef = 944E16152C35982E00C8E4E8 /* RegisterView.swift */; };
		944E16182C3599E000C8E4E8 /* RegisterViewModel.swift in Sources */ = {isa = PBXBuildFile; fileRef = 944E16172C3599E000C8E4E8 /* RegisterViewModel.swift */; };
		944E161A2C359AD200C8E4E8 /* LoginRouter.swift in Sources */ = {isa = PBXBuildFile; fileRef = 944E16192C359AD200C8E4E8 /* LoginRouter.swift */; };
		94EE5FF32C79E9C80029DB96 /* MySalesView.swift in Sources */ = {isa = PBXBuildFile; fileRef = 94EE5FF22C79E9C80029DB96 /* MySalesView.swift */; };
		94EE5FF52C7D13BD0029DB96 /* FilterView.swift in Sources */ = {isa = PBXBuildFile; fileRef = 94EE5FF42C7D13BD0029DB96 /* FilterView.swift */; };
		94EE5FFC2CA84EE60029DB96 /* DataLoader.swift in Sources */ = {isa = PBXBuildFile; fileRef = 94EE5FFB2CA84EE60029DB96 /* DataLoader.swift */; };
		94EE5FFE2CA84F8A0029DB96 /* AuctionItemCard.swift in Sources */ = {isa = PBXBuildFile; fileRef = 94EE5FFD2CA84F8A0029DB96 /* AuctionItemCard.swift */; };
		94EE60012CA856250029DB96 /* auction_items.json in Resources */ = {isa = PBXBuildFile; fileRef = 94EE60002CA856250029DB96 /* auction_items.json */; };
		94EE60032CA862150029DB96 /* BuyingItemsView.swift in Sources */ = {isa = PBXBuildFile; fileRef = 94EE60022CA862150029DB96 /* BuyingItemsView.swift */; };
		94EE60052CA8623F0029DB96 /* SellingItemsView.swift in Sources */ = {isa = PBXBuildFile; fileRef = 94EE60042CA8623E0029DB96 /* SellingItemsView.swift */; };
		94EE60072CA86DFB0029DB96 /* user.json in Resources */ = {isa = PBXBuildFile; fileRef = 94EE60062CA86DFB0029DB96 /* user.json */; };
		94EE600A2CA86F940029DB96 /* NotificationPermisson.swift in Sources */ = {isa = PBXBuildFile; fileRef = 94EE60092CA86F940029DB96 /* NotificationPermisson.swift */; };
		94EE600C2CB705000029DB96 /* IBANModalView.swift in Sources */ = {isa = PBXBuildFile; fileRef = 94EE600B2CB705000029DB96 /* IBANModalView.swift */; };
		94EE60112CBAE0120029DB96 /* Validator.swift in Sources */ = {isa = PBXBuildFile; fileRef = 94EE60102CBAE0120029DB96 /* Validator.swift */; };
		94EE60122CBAE03F0029DB96 /* Validator.swift in Sources */ = {isa = PBXBuildFile; fileRef = 94EE60102CBAE0120029DB96 /* Validator.swift */; };
		94EE60152CBAE4380029DB96 /* FirebaseAnalytics in Frameworks */ = {isa = PBXBuildFile; productRef = 94EE60142CBAE4380029DB96 /* FirebaseAnalytics */; };
		94EE60172CBAE4380029DB96 /* FirebaseAuth in Frameworks */ = {isa = PBXBuildFile; productRef = 94EE60162CBAE4380029DB96 /* FirebaseAuth */; };
		94EE60192CBAE4380029DB96 /* FirebaseCore in Frameworks */ = {isa = PBXBuildFile; productRef = 94EE60182CBAE4380029DB96 /* FirebaseCore */; };
		94EE601B2CBAE4380029DB96 /* FirebaseFirestore in Frameworks */ = {isa = PBXBuildFile; productRef = 94EE601A2CBAE4380029DB96 /* FirebaseFirestore */; };
		94F6858F2CC3A37A00EA355B /* PersonalAreaViewModel.swift in Sources */ = {isa = PBXBuildFile; fileRef = 94F6858E2CC3A37A00EA355B /* PersonalAreaViewModel.swift */; };
		94F685912CC54CF000EA355B /* DashboardRouter.swift in Sources */ = {isa = PBXBuildFile; fileRef = 94F685902CC54CF000EA355B /* DashboardRouter.swift */; };
		A47DF6DB2BA24767000AFD15 /* User.swift in Sources */ = {isa = PBXBuildFile; fileRef = A47DF6DA2BA24767000AFD15 /* User.swift */; };
		A4914A7F2BA8E1D9000C2532 /* PersonalAreaView.swift in Sources */ = {isa = PBXBuildFile; fileRef = A4914A7E2BA8E1D9000C2532 /* PersonalAreaView.swift */; };
		A4E46BDC2BA74879007140E6 /* DashBoard.swift in Sources */ = {isa = PBXBuildFile; fileRef = A4E46BDB2BA74879007140E6 /* DashBoard.swift */; };
		A4F956CB2BA60E8200F013ED /* AuctionModel.swift in Sources */ = {isa = PBXBuildFile; fileRef = A4F956CA2BA60E8200F013ED /* AuctionModel.swift */; };
		A4F956CD2BA60FAA00F013ED /* ArticleModel.swift in Sources */ = {isa = PBXBuildFile; fileRef = A4F956CC2BA60FAA00F013ED /* ArticleModel.swift */; };
/* End PBXBuildFile section */

/* Begin PBXContainerItemProxy section */
		944D6F282B13B301008C97F2 /* PBXContainerItemProxy */ = {
			isa = PBXContainerItemProxy;
			containerPortal = 944D6F0F2B13B2FD008C97F2 /* Project object */;
			proxyType = 1;
			remoteGlobalIDString = 944D6F162B13B2FD008C97F2;
			remoteInfo = DietiDeals24;
		};
		944D6F322B13B301008C97F2 /* PBXContainerItemProxy */ = {
			isa = PBXContainerItemProxy;
			containerPortal = 944D6F0F2B13B2FD008C97F2 /* Project object */;
			proxyType = 1;
			remoteGlobalIDString = 944D6F162B13B2FD008C97F2;
			remoteInfo = DietiDeals24;
		};
/* End PBXContainerItemProxy section */

/* Begin PBXFileReference section */
		9406E4ED2C3560AE00B8DB77 /* RouterProtocol.swift */ = {isa = PBXFileReference; lastKnownFileType = sourcecode.swift; path = RouterProtocol.swift; sourceTree = "<group>"; };
		9406E4EF2C3560B600B8DB77 /* VendorRouter.swift */ = {isa = PBXFileReference; lastKnownFileType = sourcecode.swift; path = VendorRouter.swift; sourceTree = "<group>"; };
		941E7EE42CBD98BE00F260FC /* AppDelegate.swift */ = {isa = PBXFileReference; lastKnownFileType = sourcecode.swift; path = AppDelegate.swift; sourceTree = "<group>"; };
		941E7EE62CBD9A7000F260FC /* GoogleService-Info.plist */ = {isa = PBXFileReference; fileEncoding = 4; lastKnownFileType = text.plist.xml; path = "GoogleService-Info.plist"; sourceTree = "<group>"; };
		941E7EE82CBDA62600F260FC /* MySalesViewModel.swift */ = {isa = PBXFileReference; lastKnownFileType = sourcecode.swift; path = MySalesViewModel.swift; sourceTree = "<group>"; };
		941E7EEA2CBDA6A800F260FC /* IBANViewModel.swift */ = {isa = PBXFileReference; lastKnownFileType = sourcecode.swift; path = IBANViewModel.swift; sourceTree = "<group>"; };
		941E7EEC2CBDA82500F260FC /* MyAuctionsViewModel.swift */ = {isa = PBXFileReference; lastKnownFileType = sourcecode.swift; path = MyAuctionsViewModel.swift; sourceTree = "<group>"; };
		941E7EEE2CBDA86300F260FC /* BuyingItemsViewModel.swift */ = {isa = PBXFileReference; lastKnownFileType = sourcecode.swift; path = BuyingItemsViewModel.swift; sourceTree = "<group>"; };
		941E7EF02CBDA8AD00F260FC /* AddAuctionViewModel.swift */ = {isa = PBXFileReference; lastKnownFileType = sourcecode.swift; path = AddAuctionViewModel.swift; sourceTree = "<group>"; };
		941E7EF22CBDAAA900F260FC /* AuctionDetailViewModel.swift */ = {isa = PBXFileReference; lastKnownFileType = sourcecode.swift; path = AuctionDetailViewModel.swift; sourceTree = "<group>"; };
		941E7EF42CBDAB2D00F260FC /* AlertMessage.swift */ = {isa = PBXFileReference; lastKnownFileType = sourcecode.swift; path = AlertMessage.swift; sourceTree = "<group>"; };
		9424EAAB2C0CC16400429CDE /* RemoteUser.swift */ = {isa = PBXFileReference; lastKnownFileType = sourcecode.swift; path = RemoteUser.swift; sourceTree = "<group>"; };
		9424EAAD2C10F31900429CDE /* DashBoardViewModel.swift */ = {isa = PBXFileReference; lastKnownFileType = sourcecode.swift; path = DashBoardViewModel.swift; sourceTree = "<group>"; };
		942E68A92BE9D493007D0046 /* MyAuctionsView.swift */ = {isa = PBXFileReference; lastKnownFileType = sourcecode.swift; path = MyAuctionsView.swift; sourceTree = "<group>"; };
		942E68AB2BE9D7C0007D0046 /* AuctionDetailView.swift */ = {isa = PBXFileReference; lastKnownFileType = sourcecode.swift; path = AuctionDetailView.swift; sourceTree = "<group>"; };
		942E68AF2BE9DED5007D0046 /* AddAuctionView.swift */ = {isa = PBXFileReference; lastKnownFileType = sourcecode.swift; path = AddAuctionView.swift; sourceTree = "<group>"; };
		944D6F172B13B2FD008C97F2 /* DietiDeals24.app */ = {isa = PBXFileReference; explicitFileType = wrapper.application; includeInIndex = 0; path = DietiDeals24.app; sourceTree = BUILT_PRODUCTS_DIR; };
		944D6F1A2B13B2FD008C97F2 /* DietiDeals24App.swift */ = {isa = PBXFileReference; lastKnownFileType = sourcecode.swift; path = DietiDeals24App.swift; sourceTree = "<group>"; };
		944D6F1C2B13B2FD008C97F2 /* ContentView.swift */ = {isa = PBXFileReference; lastKnownFileType = sourcecode.swift; path = ContentView.swift; sourceTree = "<group>"; };
		944D6F1E2B13B300008C97F2 /* Assets.xcassets */ = {isa = PBXFileReference; lastKnownFileType = folder.assetcatalog; path = Assets.xcassets; sourceTree = "<group>"; };
		944D6F212B13B300008C97F2 /* Preview Assets.xcassets */ = {isa = PBXFileReference; lastKnownFileType = folder.assetcatalog; path = "Preview Assets.xcassets"; sourceTree = "<group>"; };
		944D6F272B13B301008C97F2 /* DietiDeals24Tests.xctest */ = {isa = PBXFileReference; explicitFileType = wrapper.cfbundle; includeInIndex = 0; path = DietiDeals24Tests.xctest; sourceTree = BUILT_PRODUCTS_DIR; };
		944D6F2B2B13B301008C97F2 /* DietiDeals24Tests.swift */ = {isa = PBXFileReference; lastKnownFileType = sourcecode.swift; path = DietiDeals24Tests.swift; sourceTree = "<group>"; };
		944D6F312B13B301008C97F2 /* DietiDeals24UITests.xctest */ = {isa = PBXFileReference; explicitFileType = wrapper.cfbundle; includeInIndex = 0; path = DietiDeals24UITests.xctest; sourceTree = BUILT_PRODUCTS_DIR; };
		944D6F352B13B301008C97F2 /* DietiDeals24UITests.swift */ = {isa = PBXFileReference; lastKnownFileType = sourcecode.swift; path = DietiDeals24UITests.swift; sourceTree = "<group>"; };
		944D6F372B13B301008C97F2 /* DietiDeals24UITestsLaunchTests.swift */ = {isa = PBXFileReference; lastKnownFileType = sourcecode.swift; path = DietiDeals24UITestsLaunchTests.swift; sourceTree = "<group>"; };
		944D6F442B13B3A3008C97F2 /* LoginView.swift */ = {isa = PBXFileReference; lastKnownFileType = sourcecode.swift; path = LoginView.swift; sourceTree = "<group>"; };
		944D6F462B13BA3E008C97F2 /* LoginViewModel.swift */ = {isa = PBXFileReference; lastKnownFileType = sourcecode.swift; path = LoginViewModel.swift; sourceTree = "<group>"; };
		944E16152C35982E00C8E4E8 /* RegisterView.swift */ = {isa = PBXFileReference; lastKnownFileType = sourcecode.swift; path = RegisterView.swift; sourceTree = "<group>"; };
		944E16172C3599E000C8E4E8 /* RegisterViewModel.swift */ = {isa = PBXFileReference; lastKnownFileType = sourcecode.swift; path = RegisterViewModel.swift; sourceTree = "<group>"; };
		944E16192C359AD200C8E4E8 /* LoginRouter.swift */ = {isa = PBXFileReference; lastKnownFileType = sourcecode.swift; path = LoginRouter.swift; sourceTree = "<group>"; };
		94EE5FF22C79E9C80029DB96 /* MySalesView.swift */ = {isa = PBXFileReference; lastKnownFileType = sourcecode.swift; path = MySalesView.swift; sourceTree = "<group>"; };
		94EE5FF42C7D13BD0029DB96 /* FilterView.swift */ = {isa = PBXFileReference; lastKnownFileType = sourcecode.swift; path = FilterView.swift; sourceTree = "<group>"; };
		94EE5FFB2CA84EE60029DB96 /* DataLoader.swift */ = {isa = PBXFileReference; lastKnownFileType = sourcecode.swift; path = DataLoader.swift; sourceTree = "<group>"; };
		94EE5FFD2CA84F8A0029DB96 /* AuctionItemCard.swift */ = {isa = PBXFileReference; lastKnownFileType = sourcecode.swift; path = AuctionItemCard.swift; sourceTree = "<group>"; };
		94EE60002CA856250029DB96 /* auction_items.json */ = {isa = PBXFileReference; fileEncoding = 4; lastKnownFileType = text.json; path = auction_items.json; sourceTree = "<group>"; };
		94EE60022CA862150029DB96 /* BuyingItemsView.swift */ = {isa = PBXFileReference; lastKnownFileType = sourcecode.swift; path = BuyingItemsView.swift; sourceTree = "<group>"; };
		94EE60042CA8623E0029DB96 /* SellingItemsView.swift */ = {isa = PBXFileReference; lastKnownFileType = sourcecode.swift; path = SellingItemsView.swift; sourceTree = "<group>"; };
		94EE60062CA86DFB0029DB96 /* user.json */ = {isa = PBXFileReference; fileEncoding = 4; lastKnownFileType = text.json; path = user.json; sourceTree = "<group>"; };
		94EE60092CA86F940029DB96 /* NotificationPermisson.swift */ = {isa = PBXFileReference; lastKnownFileType = sourcecode.swift; path = NotificationPermisson.swift; sourceTree = "<group>"; };
		94EE600B2CB705000029DB96 /* IBANModalView.swift */ = {isa = PBXFileReference; lastKnownFileType = sourcecode.swift; path = IBANModalView.swift; sourceTree = "<group>"; };
		94EE600D2CB720310029DB96 /* Info.plist */ = {isa = PBXFileReference; lastKnownFileType = text.plist; path = Info.plist; sourceTree = "<group>"; };
		94EE60102CBAE0120029DB96 /* Validator.swift */ = {isa = PBXFileReference; lastKnownFileType = sourcecode.swift; path = Validator.swift; sourceTree = "<group>"; };
		94F6858E2CC3A37A00EA355B /* PersonalAreaViewModel.swift */ = {isa = PBXFileReference; lastKnownFileType = sourcecode.swift; path = PersonalAreaViewModel.swift; sourceTree = "<group>"; };
		94F685902CC54CF000EA355B /* DashboardRouter.swift */ = {isa = PBXFileReference; lastKnownFileType = sourcecode.swift; path = DashboardRouter.swift; sourceTree = "<group>"; };
		A47DF6DA2BA24767000AFD15 /* User.swift */ = {isa = PBXFileReference; lastKnownFileType = sourcecode.swift; path = User.swift; sourceTree = "<group>"; };
		A4914A7E2BA8E1D9000C2532 /* PersonalAreaView.swift */ = {isa = PBXFileReference; lastKnownFileType = sourcecode.swift; path = PersonalAreaView.swift; sourceTree = "<group>"; };
		A4E46BDB2BA74879007140E6 /* DashBoard.swift */ = {isa = PBXFileReference; lastKnownFileType = sourcecode.swift; path = DashBoard.swift; sourceTree = "<group>"; };
		A4F956CA2BA60E8200F013ED /* AuctionModel.swift */ = {isa = PBXFileReference; lastKnownFileType = sourcecode.swift; path = AuctionModel.swift; sourceTree = "<group>"; };
		A4F956CC2BA60FAA00F013ED /* ArticleModel.swift */ = {isa = PBXFileReference; lastKnownFileType = sourcecode.swift; path = ArticleModel.swift; sourceTree = "<group>"; };
/* End PBXFileReference section */

/* Begin PBXFrameworksBuildPhase section */
		944D6F142B13B2FD008C97F2 /* Frameworks */ = {
			isa = PBXFrameworksBuildPhase;
			buildActionMask = 2147483647;
			files = (
				94EE60152CBAE4380029DB96 /* FirebaseAnalytics in Frameworks */,
				94EE601B2CBAE4380029DB96 /* FirebaseFirestore in Frameworks */,
				94EE60192CBAE4380029DB96 /* FirebaseCore in Frameworks */,
				94EE60172CBAE4380029DB96 /* FirebaseAuth in Frameworks */,
			);
			runOnlyForDeploymentPostprocessing = 0;
		};
		944D6F242B13B301008C97F2 /* Frameworks */ = {
			isa = PBXFrameworksBuildPhase;
			buildActionMask = 2147483647;
			files = (
			);
			runOnlyForDeploymentPostprocessing = 0;
		};
		944D6F2E2B13B301008C97F2 /* Frameworks */ = {
			isa = PBXFrameworksBuildPhase;
			buildActionMask = 2147483647;
			files = (
			);
			runOnlyForDeploymentPostprocessing = 0;
		};
/* End PBXFrameworksBuildPhase section */

/* Begin PBXGroup section */
		9406E4EC2C3560A200B8DB77 /* Router */ = {
			isa = PBXGroup;
			children = (
				9406E4ED2C3560AE00B8DB77 /* RouterProtocol.swift */,
				9406E4EF2C3560B600B8DB77 /* VendorRouter.swift */,
				94F685902CC54CF000EA355B /* DashboardRouter.swift */,
				944E16192C359AD200C8E4E8 /* LoginRouter.swift */,
			);
			path = Router;
			sourceTree = "<group>";
		};
		944D6F0E2B13B2FD008C97F2 = {
			isa = PBXGroup;
			children = (
				944D6F192B13B2FD008C97F2 /* DietiDeals24 */,
				944D6F2A2B13B301008C97F2 /* DietiDeals24Tests */,
				944D6F342B13B301008C97F2 /* DietiDeals24UITests */,
				944D6F182B13B2FD008C97F2 /* Products */,
			);
			sourceTree = "<group>";
		};
		944D6F182B13B2FD008C97F2 /* Products */ = {
			isa = PBXGroup;
			children = (
				944D6F172B13B2FD008C97F2 /* DietiDeals24.app */,
				944D6F272B13B301008C97F2 /* DietiDeals24Tests.xctest */,
				944D6F312B13B301008C97F2 /* DietiDeals24UITests.xctest */,
			);
			name = Products;
			sourceTree = "<group>";
		};
		944D6F192B13B2FD008C97F2 /* DietiDeals24 */ = {
			isa = PBXGroup;
			children = (
				941E7EE62CBD9A7000F260FC /* GoogleService-Info.plist */,
				94EE600D2CB720310029DB96 /* Info.plist */,
				944D6F1A2B13B2FD008C97F2 /* DietiDeals24App.swift */,
				941E7EE42CBD98BE00F260FC /* AppDelegate.swift */,
				944D6F1C2B13B2FD008C97F2 /* ContentView.swift */,
				94EE600F2CBADEBB0029DB96 /* PersonalArea */,
				94EE600E2CBADEA20029DB96 /* Filters */,
				9406E4EC2C3560A200B8DB77 /* Router */,
				94EE60082CA86F7E0029DB96 /* Notification */,
				94EE5FFA2CA84CCA0029DB96 /* RemoteData */,
				94EE5FF92CA84CAD0029DB96 /* Login+Registration */,
				94EE5FF82CA84C3A0029DB96 /* Auctions */,
				94EE5FF72CA84C210029DB96 /* Sales */,
				94EE5FF62CA84BDA0029DB96 /* DashBoard */,
				A47DF6DA2BA24767000AFD15 /* User.swift */,
				941E7EF42CBDAB2D00F260FC /* AlertMessage.swift */,
				94EE60102CBAE0120029DB96 /* Validator.swift */,
				9424EAAB2C0CC16400429CDE /* RemoteUser.swift */,
				A4F956CC2BA60FAA00F013ED /* ArticleModel.swift */,
				944D6F1E2B13B300008C97F2 /* Assets.xcassets */,
				944D6F202B13B300008C97F2 /* Preview Content */,
			);
			path = DietiDeals24;
			sourceTree = "<group>";
		};
		944D6F202B13B300008C97F2 /* Preview Content */ = {
			isa = PBXGroup;
			children = (
				944D6F212B13B300008C97F2 /* Preview Assets.xcassets */,
			);
			path = "Preview Content";
			sourceTree = "<group>";
		};
		944D6F2A2B13B301008C97F2 /* DietiDeals24Tests */ = {
			isa = PBXGroup;
			children = (
				944D6F2B2B13B301008C97F2 /* DietiDeals24Tests.swift */,
			);
			path = DietiDeals24Tests;
			sourceTree = "<group>";
		};
		944D6F342B13B301008C97F2 /* DietiDeals24UITests */ = {
			isa = PBXGroup;
			children = (
				944D6F352B13B301008C97F2 /* DietiDeals24UITests.swift */,
				944D6F372B13B301008C97F2 /* DietiDeals24UITestsLaunchTests.swift */,
			);
			path = DietiDeals24UITests;
			sourceTree = "<group>";
		};
		94EE5FF62CA84BDA0029DB96 /* DashBoard */ = {
			isa = PBXGroup;
			children = (
				A4E46BDB2BA74879007140E6 /* DashBoard.swift */,
				9424EAAD2C10F31900429CDE /* DashBoardViewModel.swift */,
				94EE5FFD2CA84F8A0029DB96 /* AuctionItemCard.swift */,
			);
			path = DashBoard;
			sourceTree = "<group>";
		};
		94EE5FF72CA84C210029DB96 /* Sales */ = {
			isa = PBXGroup;
			children = (
				94EE5FF22C79E9C80029DB96 /* MySalesView.swift */,
				941E7EE82CBDA62600F260FC /* MySalesViewModel.swift */,
				94EE60042CA8623E0029DB96 /* SellingItemsView.swift */,
				94EE600B2CB705000029DB96 /* IBANModalView.swift */,
				941E7EEA2CBDA6A800F260FC /* IBANViewModel.swift */,
			);
			path = Sales;
			sourceTree = "<group>";
		};
		94EE5FF82CA84C3A0029DB96 /* Auctions */ = {
			isa = PBXGroup;
			children = (
				942E68A92BE9D493007D0046 /* MyAuctionsView.swift */,
				941E7EEC2CBDA82500F260FC /* MyAuctionsViewModel.swift */,
				94EE60022CA862150029DB96 /* BuyingItemsView.swift */,
				941E7EEE2CBDA86300F260FC /* BuyingItemsViewModel.swift */,
				942E68AF2BE9DED5007D0046 /* AddAuctionView.swift */,
				941E7EF02CBDA8AD00F260FC /* AddAuctionViewModel.swift */,
				942E68AB2BE9D7C0007D0046 /* AuctionDetailView.swift */,
				941E7EF22CBDAAA900F260FC /* AuctionDetailViewModel.swift */,
				A4F956CA2BA60E8200F013ED /* AuctionModel.swift */,
			);
			path = Auctions;
			sourceTree = "<group>";
		};
		94EE5FF92CA84CAD0029DB96 /* Login+Registration */ = {
			isa = PBXGroup;
			children = (
				944D6F442B13B3A3008C97F2 /* LoginView.swift */,
				944D6F462B13BA3E008C97F2 /* LoginViewModel.swift */,
				944E16152C35982E00C8E4E8 /* RegisterView.swift */,
				944E16172C3599E000C8E4E8 /* RegisterViewModel.swift */,
			);
			path = "Login+Registration";
			sourceTree = "<group>";
		};
		94EE5FFA2CA84CCA0029DB96 /* RemoteData */ = {
			isa = PBXGroup;
			children = (
				94EE5FFB2CA84EE60029DB96 /* DataLoader.swift */,
				94EE5FFF2CA852830029DB96 /* Debug */,
			);
			path = RemoteData;
			sourceTree = "<group>";
		};
		94EE5FFF2CA852830029DB96 /* Debug */ = {
			isa = PBXGroup;
			children = (
				94EE60002CA856250029DB96 /* auction_items.json */,
				94EE60062CA86DFB0029DB96 /* user.json */,
			);
			path = Debug;
			sourceTree = "<group>";
		};
		94EE60082CA86F7E0029DB96 /* Notification */ = {
			isa = PBXGroup;
			children = (
				94EE60092CA86F940029DB96 /* NotificationPermisson.swift */,
			);
			path = Notification;
			sourceTree = "<group>";
		};
		94EE600E2CBADEA20029DB96 /* Filters */ = {
			isa = PBXGroup;
			children = (
				94EE5FF42C7D13BD0029DB96 /* FilterView.swift */,
			);
			path = Filters;
			sourceTree = "<group>";
		};
		94EE600F2CBADEBB0029DB96 /* PersonalArea */ = {
			isa = PBXGroup;
			children = (
				A4914A7E2BA8E1D9000C2532 /* PersonalAreaView.swift */,
				94F6858E2CC3A37A00EA355B /* PersonalAreaViewModel.swift */,
			);
			path = PersonalArea;
			sourceTree = "<group>";
		};
/* End PBXGroup section */

/* Begin PBXNativeTarget section */
		944D6F162B13B2FD008C97F2 /* DietiDeals24 */ = {
			isa = PBXNativeTarget;
			buildConfigurationList = 944D6F3B2B13B301008C97F2 /* Build configuration list for PBXNativeTarget "DietiDeals24" */;
			buildPhases = (
				944D6F132B13B2FD008C97F2 /* Sources */,
				944D6F142B13B2FD008C97F2 /* Frameworks */,
				944D6F152B13B2FD008C97F2 /* Resources */,
			);
			buildRules = (
			);
			dependencies = (
			);
			name = DietiDeals24;
			packageProductDependencies = (
				94EE60142CBAE4380029DB96 /* FirebaseAnalytics */,
				94EE60162CBAE4380029DB96 /* FirebaseAuth */,
				94EE60182CBAE4380029DB96 /* FirebaseCore */,
				94EE601A2CBAE4380029DB96 /* FirebaseFirestore */,
			);
			productName = DietiDeals24;
			productReference = 944D6F172B13B2FD008C97F2 /* DietiDeals24.app */;
			productType = "com.apple.product-type.application";
		};
		944D6F262B13B301008C97F2 /* DietiDeals24Tests */ = {
			isa = PBXNativeTarget;
			buildConfigurationList = 944D6F3E2B13B301008C97F2 /* Build configuration list for PBXNativeTarget "DietiDeals24Tests" */;
			buildPhases = (
				944D6F232B13B301008C97F2 /* Sources */,
				944D6F242B13B301008C97F2 /* Frameworks */,
				944D6F252B13B301008C97F2 /* Resources */,
			);
			buildRules = (
			);
			dependencies = (
				944D6F292B13B301008C97F2 /* PBXTargetDependency */,
			);
			name = DietiDeals24Tests;
			productName = DietiDeals24Tests;
			productReference = 944D6F272B13B301008C97F2 /* DietiDeals24Tests.xctest */;
			productType = "com.apple.product-type.bundle.unit-test";
		};
		944D6F302B13B301008C97F2 /* DietiDeals24UITests */ = {
			isa = PBXNativeTarget;
			buildConfigurationList = 944D6F412B13B301008C97F2 /* Build configuration list for PBXNativeTarget "DietiDeals24UITests" */;
			buildPhases = (
				944D6F2D2B13B301008C97F2 /* Sources */,
				944D6F2E2B13B301008C97F2 /* Frameworks */,
				944D6F2F2B13B301008C97F2 /* Resources */,
			);
			buildRules = (
			);
			dependencies = (
				944D6F332B13B301008C97F2 /* PBXTargetDependency */,
			);
			name = DietiDeals24UITests;
			productName = DietiDeals24UITests;
			productReference = 944D6F312B13B301008C97F2 /* DietiDeals24UITests.xctest */;
			productType = "com.apple.product-type.bundle.ui-testing";
		};
/* End PBXNativeTarget section */

/* Begin PBXProject section */
		944D6F0F2B13B2FD008C97F2 /* Project object */ = {
			isa = PBXProject;
			attributes = {
				BuildIndependentTargetsInParallel = 1;
				LastSwiftUpdateCheck = 1500;
				LastUpgradeCheck = 1500;
				TargetAttributes = {
					944D6F162B13B2FD008C97F2 = {
						CreatedOnToolsVersion = 15.0.1;
					};
					944D6F262B13B301008C97F2 = {
						CreatedOnToolsVersion = 15.0.1;
						TestTargetID = 944D6F162B13B2FD008C97F2;
					};
					944D6F302B13B301008C97F2 = {
						CreatedOnToolsVersion = 15.0.1;
						TestTargetID = 944D6F162B13B2FD008C97F2;
					};
				};
			};
			buildConfigurationList = 944D6F122B13B2FD008C97F2 /* Build configuration list for PBXProject "DietiDeals24" */;
			compatibilityVersion = "Xcode 14.0";
			developmentRegion = en;
			hasScannedForEncodings = 0;
			knownRegions = (
				en,
				Base,
			);
			mainGroup = 944D6F0E2B13B2FD008C97F2;
			packageReferences = (
				94EE60132CBAE4380029DB96 /* XCRemoteSwiftPackageReference "firebase-ios-sdk" */,
			);
			productRefGroup = 944D6F182B13B2FD008C97F2 /* Products */;
			projectDirPath = "";
			projectRoot = "";
			targets = (
				944D6F162B13B2FD008C97F2 /* DietiDeals24 */,
				944D6F262B13B301008C97F2 /* DietiDeals24Tests */,
				944D6F302B13B301008C97F2 /* DietiDeals24UITests */,
			);
		};
/* End PBXProject section */

/* Begin PBXResourcesBuildPhase section */
		944D6F152B13B2FD008C97F2 /* Resources */ = {
			isa = PBXResourcesBuildPhase;
			buildActionMask = 2147483647;
			files = (
				94EE60072CA86DFB0029DB96 /* user.json in Resources */,
				94EE60012CA856250029DB96 /* auction_items.json in Resources */,
				941E7EE72CBD9A7000F260FC /* GoogleService-Info.plist in Resources */,
				944D6F222B13B300008C97F2 /* Preview Assets.xcassets in Resources */,
				944D6F1F2B13B300008C97F2 /* Assets.xcassets in Resources */,
			);
			runOnlyForDeploymentPostprocessing = 0;
		};
		944D6F252B13B301008C97F2 /* Resources */ = {
			isa = PBXResourcesBuildPhase;
			buildActionMask = 2147483647;
			files = (
			);
			runOnlyForDeploymentPostprocessing = 0;
		};
		944D6F2F2B13B301008C97F2 /* Resources */ = {
			isa = PBXResourcesBuildPhase;
			buildActionMask = 2147483647;
			files = (
			);
			runOnlyForDeploymentPostprocessing = 0;
		};
/* End PBXResourcesBuildPhase section */

/* Begin PBXSourcesBuildPhase section */
		944D6F132B13B2FD008C97F2 /* Sources */ = {
			isa = PBXSourcesBuildPhase;
			buildActionMask = 2147483647;
			files = (
				941E7EEB2CBDA6A800F260FC /* IBANViewModel.swift in Sources */,
				A4F956CB2BA60E8200F013ED /* AuctionModel.swift in Sources */,
				94F6858F2CC3A37A00EA355B /* PersonalAreaViewModel.swift in Sources */,
				94EE60052CA8623F0029DB96 /* SellingItemsView.swift in Sources */,
				9424EAAC2C0CC16400429CDE /* RemoteUser.swift in Sources */,
				944D6F472B13BA3E008C97F2 /* LoginViewModel.swift in Sources */,
				942E68B02BE9DED5007D0046 /* AddAuctionView.swift in Sources */,
				A4F956CD2BA60FAA00F013ED /* ArticleModel.swift in Sources */,
				944E161A2C359AD200C8E4E8 /* LoginRouter.swift in Sources */,
				94EE60032CA862150029DB96 /* BuyingItemsView.swift in Sources */,
				942E68AA2BE9D493007D0046 /* MyAuctionsView.swift in Sources */,
				A4914A7F2BA8E1D9000C2532 /* PersonalAreaView.swift in Sources */,
				941E7EED2CBDA82500F260FC /* MyAuctionsViewModel.swift in Sources */,
				941E7EF32CBDAAA900F260FC /* AuctionDetailViewModel.swift in Sources */,
				94EE5FF52C7D13BD0029DB96 /* FilterView.swift in Sources */,
				9424EAAE2C10F31900429CDE /* DashBoardViewModel.swift in Sources */,
				941E7EEF2CBDA86300F260FC /* BuyingItemsViewModel.swift in Sources */,
				941E7EE52CBD98BE00F260FC /* AppDelegate.swift in Sources */,
				9406E4F02C3560B600B8DB77 /* VendorRouter.swift in Sources */,
				A4E46BDC2BA74879007140E6 /* DashBoard.swift in Sources */,
				94F685912CC54CF000EA355B /* DashboardRouter.swift in Sources */,
				944D6F452B13B3A3008C97F2 /* LoginView.swift in Sources */,
				94EE5FF32C79E9C80029DB96 /* MySalesView.swift in Sources */,
				941E7EF52CBDAB2D00F260FC /* AlertMessage.swift in Sources */,
				94EE5FFE2CA84F8A0029DB96 /* AuctionItemCard.swift in Sources */,
				94EE5FFC2CA84EE60029DB96 /* DataLoader.swift in Sources */,
				944D6F1D2B13B2FD008C97F2 /* ContentView.swift in Sources */,
				94EE600A2CA86F940029DB96 /* NotificationPermisson.swift in Sources */,
				944E16162C35982E00C8E4E8 /* RegisterView.swift in Sources */,
				94EE60112CBAE0120029DB96 /* Validator.swift in Sources */,
				94EE600C2CB705000029DB96 /* IBANModalView.swift in Sources */,
				944E16182C3599E000C8E4E8 /* RegisterViewModel.swift in Sources */,
				9406E4EE2C3560AE00B8DB77 /* RouterProtocol.swift in Sources */,
				941E7EF12CBDA8AD00F260FC /* AddAuctionViewModel.swift in Sources */,
				942E68AC2BE9D7C0007D0046 /* AuctionDetailView.swift in Sources */,
				A47DF6DB2BA24767000AFD15 /* User.swift in Sources */,
				941E7EE92CBDA62600F260FC /* MySalesViewModel.swift in Sources */,
				944D6F1B2B13B2FD008C97F2 /* DietiDeals24App.swift in Sources */,
			);
			runOnlyForDeploymentPostprocessing = 0;
		};
		944D6F232B13B301008C97F2 /* Sources */ = {
			isa = PBXSourcesBuildPhase;
			buildActionMask = 2147483647;
			files = (
				94EE60122CBAE03F0029DB96 /* Validator.swift in Sources */,
				944D6F2C2B13B301008C97F2 /* DietiDeals24Tests.swift in Sources */,
			);
			runOnlyForDeploymentPostprocessing = 0;
		};
		944D6F2D2B13B301008C97F2 /* Sources */ = {
			isa = PBXSourcesBuildPhase;
			buildActionMask = 2147483647;
			files = (
				944D6F382B13B301008C97F2 /* DietiDeals24UITestsLaunchTests.swift in Sources */,
				944D6F362B13B301008C97F2 /* DietiDeals24UITests.swift in Sources */,
			);
			runOnlyForDeploymentPostprocessing = 0;
		};
/* End PBXSourcesBuildPhase section */

/* Begin PBXTargetDependency section */
		944D6F292B13B301008C97F2 /* PBXTargetDependency */ = {
			isa = PBXTargetDependency;
			target = 944D6F162B13B2FD008C97F2 /* DietiDeals24 */;
			targetProxy = 944D6F282B13B301008C97F2 /* PBXContainerItemProxy */;
		};
		944D6F332B13B301008C97F2 /* PBXTargetDependency */ = {
			isa = PBXTargetDependency;
			target = 944D6F162B13B2FD008C97F2 /* DietiDeals24 */;
			targetProxy = 944D6F322B13B301008C97F2 /* PBXContainerItemProxy */;
		};
/* End PBXTargetDependency section */

/* Begin XCBuildConfiguration section */
		944D6F392B13B301008C97F2 /* Debug */ = {
			isa = XCBuildConfiguration;
			buildSettings = {
				ALWAYS_SEARCH_USER_PATHS = NO;
				ASSETCATALOG_COMPILER_GENERATE_SWIFT_ASSET_SYMBOL_EXTENSIONS = YES;
				CLANG_ANALYZER_NONNULL = YES;
				CLANG_ANALYZER_NUMBER_OBJECT_CONVERSION = YES_AGGRESSIVE;
				CLANG_CXX_LANGUAGE_STANDARD = "gnu++20";
				CLANG_ENABLE_MODULES = YES;
				CLANG_ENABLE_OBJC_ARC = YES;
				CLANG_ENABLE_OBJC_WEAK = YES;
				CLANG_WARN_BLOCK_CAPTURE_AUTORELEASING = YES;
				CLANG_WARN_BOOL_CONVERSION = YES;
				CLANG_WARN_COMMA = YES;
				CLANG_WARN_CONSTANT_CONVERSION = YES;
				CLANG_WARN_DEPRECATED_OBJC_IMPLEMENTATIONS = YES;
				CLANG_WARN_DIRECT_OBJC_ISA_USAGE = YES_ERROR;
				CLANG_WARN_DOCUMENTATION_COMMENTS = YES;
				CLANG_WARN_EMPTY_BODY = YES;
				CLANG_WARN_ENUM_CONVERSION = YES;
				CLANG_WARN_INFINITE_RECURSION = YES;
				CLANG_WARN_INT_CONVERSION = YES;
				CLANG_WARN_NON_LITERAL_NULL_CONVERSION = YES;
				CLANG_WARN_OBJC_IMPLICIT_RETAIN_SELF = YES;
				CLANG_WARN_OBJC_LITERAL_CONVERSION = YES;
				CLANG_WARN_OBJC_ROOT_CLASS = YES_ERROR;
				CLANG_WARN_QUOTED_INCLUDE_IN_FRAMEWORK_HEADER = YES;
				CLANG_WARN_RANGE_LOOP_ANALYSIS = YES;
				CLANG_WARN_STRICT_PROTOTYPES = YES;
				CLANG_WARN_SUSPICIOUS_MOVE = YES;
				CLANG_WARN_UNGUARDED_AVAILABILITY = YES_AGGRESSIVE;
				CLANG_WARN_UNREACHABLE_CODE = YES;
				CLANG_WARN__DUPLICATE_METHOD_MATCH = YES;
				COPY_PHASE_STRIP = NO;
				DEBUG_INFORMATION_FORMAT = dwarf;
				ENABLE_STRICT_OBJC_MSGSEND = YES;
				ENABLE_TESTABILITY = YES;
				ENABLE_USER_SCRIPT_SANDBOXING = YES;
				GCC_C_LANGUAGE_STANDARD = gnu17;
				GCC_DYNAMIC_NO_PIC = NO;
				GCC_NO_COMMON_BLOCKS = YES;
				GCC_OPTIMIZATION_LEVEL = 0;
				GCC_PREPROCESSOR_DEFINITIONS = (
					"DEBUG=1",
					"$(inherited)",
				);
				GCC_WARN_64_TO_32_BIT_CONVERSION = YES;
				GCC_WARN_ABOUT_RETURN_TYPE = YES_ERROR;
				GCC_WARN_UNDECLARED_SELECTOR = YES;
				GCC_WARN_UNINITIALIZED_AUTOS = YES_AGGRESSIVE;
				GCC_WARN_UNUSED_FUNCTION = YES;
				GCC_WARN_UNUSED_VARIABLE = YES;
				IPHONEOS_DEPLOYMENT_TARGET = 17.0;
				LOCALIZATION_PREFERS_STRING_CATALOGS = YES;
				MTL_ENABLE_DEBUG_INFO = INCLUDE_SOURCE;
				MTL_FAST_MATH = YES;
				ONLY_ACTIVE_ARCH = YES;
				SDKROOT = iphoneos;
				SWIFT_ACTIVE_COMPILATION_CONDITIONS = "DEBUG $(inherited)";
				SWIFT_OPTIMIZATION_LEVEL = "-Onone";
			};
			name = Debug;
		};
		944D6F3A2B13B301008C97F2 /* Release */ = {
			isa = XCBuildConfiguration;
			buildSettings = {
				ALWAYS_SEARCH_USER_PATHS = NO;
				ASSETCATALOG_COMPILER_GENERATE_SWIFT_ASSET_SYMBOL_EXTENSIONS = YES;
				CLANG_ANALYZER_NONNULL = YES;
				CLANG_ANALYZER_NUMBER_OBJECT_CONVERSION = YES_AGGRESSIVE;
				CLANG_CXX_LANGUAGE_STANDARD = "gnu++20";
				CLANG_ENABLE_MODULES = YES;
				CLANG_ENABLE_OBJC_ARC = YES;
				CLANG_ENABLE_OBJC_WEAK = YES;
				CLANG_WARN_BLOCK_CAPTURE_AUTORELEASING = YES;
				CLANG_WARN_BOOL_CONVERSION = YES;
				CLANG_WARN_COMMA = YES;
				CLANG_WARN_CONSTANT_CONVERSION = YES;
				CLANG_WARN_DEPRECATED_OBJC_IMPLEMENTATIONS = YES;
				CLANG_WARN_DIRECT_OBJC_ISA_USAGE = YES_ERROR;
				CLANG_WARN_DOCUMENTATION_COMMENTS = YES;
				CLANG_WARN_EMPTY_BODY = YES;
				CLANG_WARN_ENUM_CONVERSION = YES;
				CLANG_WARN_INFINITE_RECURSION = YES;
				CLANG_WARN_INT_CONVERSION = YES;
				CLANG_WARN_NON_LITERAL_NULL_CONVERSION = YES;
				CLANG_WARN_OBJC_IMPLICIT_RETAIN_SELF = YES;
				CLANG_WARN_OBJC_LITERAL_CONVERSION = YES;
				CLANG_WARN_OBJC_ROOT_CLASS = YES_ERROR;
				CLANG_WARN_QUOTED_INCLUDE_IN_FRAMEWORK_HEADER = YES;
				CLANG_WARN_RANGE_LOOP_ANALYSIS = YES;
				CLANG_WARN_STRICT_PROTOTYPES = YES;
				CLANG_WARN_SUSPICIOUS_MOVE = YES;
				CLANG_WARN_UNGUARDED_AVAILABILITY = YES_AGGRESSIVE;
				CLANG_WARN_UNREACHABLE_CODE = YES;
				CLANG_WARN__DUPLICATE_METHOD_MATCH = YES;
				COPY_PHASE_STRIP = NO;
				DEBUG_INFORMATION_FORMAT = "dwarf-with-dsym";
				ENABLE_NS_ASSERTIONS = NO;
				ENABLE_STRICT_OBJC_MSGSEND = YES;
				ENABLE_USER_SCRIPT_SANDBOXING = YES;
				GCC_C_LANGUAGE_STANDARD = gnu17;
				GCC_NO_COMMON_BLOCKS = YES;
				GCC_WARN_64_TO_32_BIT_CONVERSION = YES;
				GCC_WARN_ABOUT_RETURN_TYPE = YES_ERROR;
				GCC_WARN_UNDECLARED_SELECTOR = YES;
				GCC_WARN_UNINITIALIZED_AUTOS = YES_AGGRESSIVE;
				GCC_WARN_UNUSED_FUNCTION = YES;
				GCC_WARN_UNUSED_VARIABLE = YES;
				IPHONEOS_DEPLOYMENT_TARGET = 17.0;
				LOCALIZATION_PREFERS_STRING_CATALOGS = YES;
				MTL_ENABLE_DEBUG_INFO = NO;
				MTL_FAST_MATH = YES;
				SDKROOT = iphoneos;
				SWIFT_COMPILATION_MODE = wholemodule;
				VALIDATE_PRODUCT = YES;
			};
			name = Release;
		};
		944D6F3C2B13B301008C97F2 /* Debug */ = {
			isa = XCBuildConfiguration;
			buildSettings = {
				ASSETCATALOG_COMPILER_APPICON_NAME = AppIcon;
				ASSETCATALOG_COMPILER_GLOBAL_ACCENT_COLOR_NAME = AccentColor;
				CODE_SIGN_STYLE = Automatic;
				CURRENT_PROJECT_VERSION = 1;
				DEVELOPMENT_ASSET_PATHS = "\"DietiDeals24/Preview Content\"";
				DEVELOPMENT_TEAM = "";
				ENABLE_PREVIEWS = YES;
				GENERATE_INFOPLIST_FILE = YES;
				INFOPLIST_FILE = DietiDeals24/Info.plist;
				INFOPLIST_KEY_LSApplicationCategoryType = "";
				INFOPLIST_KEY_UIApplicationSceneManifest_Generation = YES;
				INFOPLIST_KEY_UIApplicationSupportsIndirectInputEvents = YES;
				INFOPLIST_KEY_UILaunchScreen_Generation = YES;
				INFOPLIST_KEY_UISupportedInterfaceOrientations_iPad = "UIInterfaceOrientationPortrait UIInterfaceOrientationPortraitUpsideDown UIInterfaceOrientationLandscapeLeft UIInterfaceOrientationLandscapeRight";
				INFOPLIST_KEY_UISupportedInterfaceOrientations_iPhone = "UIInterfaceOrientationPortrait UIInterfaceOrientationLandscapeLeft UIInterfaceOrientationLandscapeRight";
				IPHONEOS_DEPLOYMENT_TARGET = 16.2;
				LD_RUNPATH_SEARCH_PATHS = (
					"$(inherited)",
					"@executable_path/Frameworks",
				);
				MARKETING_VERSION = 1.0;
				PRODUCT_BUNDLE_IDENTIFIER = AledeGre.DietiDeals24;
				PRODUCT_NAME = "$(TARGET_NAME)";
				SWIFT_EMIT_LOC_STRINGS = YES;
				SWIFT_VERSION = 5.0;
				TARGETED_DEVICE_FAMILY = "1,2";
			};
			name = Debug;
		};
		944D6F3D2B13B301008C97F2 /* Release */ = {
			isa = XCBuildConfiguration;
			buildSettings = {
				ASSETCATALOG_COMPILER_APPICON_NAME = AppIcon;
				ASSETCATALOG_COMPILER_GLOBAL_ACCENT_COLOR_NAME = AccentColor;
				CODE_SIGN_STYLE = Automatic;
				CURRENT_PROJECT_VERSION = 1;
				DEVELOPMENT_ASSET_PATHS = "\"DietiDeals24/Preview Content\"";
				DEVELOPMENT_TEAM = "";
				ENABLE_PREVIEWS = YES;
				GENERATE_INFOPLIST_FILE = YES;
				INFOPLIST_FILE = DietiDeals24/Info.plist;
				INFOPLIST_KEY_LSApplicationCategoryType = "";
				INFOPLIST_KEY_UIApplicationSceneManifest_Generation = YES;
				INFOPLIST_KEY_UIApplicationSupportsIndirectInputEvents = YES;
				INFOPLIST_KEY_UILaunchScreen_Generation = YES;
				INFOPLIST_KEY_UISupportedInterfaceOrientations_iPad = "UIInterfaceOrientationPortrait UIInterfaceOrientationPortraitUpsideDown UIInterfaceOrientationLandscapeLeft UIInterfaceOrientationLandscapeRight";
				INFOPLIST_KEY_UISupportedInterfaceOrientations_iPhone = "UIInterfaceOrientationPortrait UIInterfaceOrientationLandscapeLeft UIInterfaceOrientationLandscapeRight";
				IPHONEOS_DEPLOYMENT_TARGET = 16.2;
				LD_RUNPATH_SEARCH_PATHS = (
					"$(inherited)",
					"@executable_path/Frameworks",
				);
				MARKETING_VERSION = 1.0;
				PRODUCT_BUNDLE_IDENTIFIER = AledeGre.DietiDeals24;
				PRODUCT_NAME = "$(TARGET_NAME)";
				SWIFT_EMIT_LOC_STRINGS = YES;
				SWIFT_VERSION = 5.0;
				TARGETED_DEVICE_FAMILY = "1,2";
			};
			name = Release;
		};
		944D6F3F2B13B301008C97F2 /* Debug */ = {
			isa = XCBuildConfiguration;
			buildSettings = {
				ALWAYS_EMBED_SWIFT_STANDARD_LIBRARIES = YES;
				BUNDLE_LOADER = "$(TEST_HOST)";
				CODE_SIGN_STYLE = Automatic;
				CURRENT_PROJECT_VERSION = 1;
				DEVELOPMENT_TEAM = A7VJFCG77Y;
				GENERATE_INFOPLIST_FILE = YES;
				IPHONEOS_DEPLOYMENT_TARGET = 17.0;
				MARKETING_VERSION = 1.0;
				PRODUCT_BUNDLE_IDENTIFIER = GiuseppeCarannante.DietiDeals24Tests;
				PRODUCT_NAME = "$(TARGET_NAME)";
				SWIFT_EMIT_LOC_STRINGS = NO;
				SWIFT_VERSION = 5.0;
				TARGETED_DEVICE_FAMILY = "1,2";
				TEST_HOST = "$(BUILT_PRODUCTS_DIR)/DietiDeals24.app/$(BUNDLE_EXECUTABLE_FOLDER_PATH)/DietiDeals24";
			};
			name = Debug;
		};
		944D6F402B13B301008C97F2 /* Release */ = {
			isa = XCBuildConfiguration;
			buildSettings = {
				ALWAYS_EMBED_SWIFT_STANDARD_LIBRARIES = YES;
				BUNDLE_LOADER = "$(TEST_HOST)";
				CODE_SIGN_STYLE = Automatic;
				CURRENT_PROJECT_VERSION = 1;
				DEVELOPMENT_TEAM = A7VJFCG77Y;
				GENERATE_INFOPLIST_FILE = YES;
				IPHONEOS_DEPLOYMENT_TARGET = 17.0;
				MARKETING_VERSION = 1.0;
				PRODUCT_BUNDLE_IDENTIFIER = GiuseppeCarannante.DietiDeals24Tests;
				PRODUCT_NAME = "$(TARGET_NAME)";
				SWIFT_EMIT_LOC_STRINGS = NO;
				SWIFT_VERSION = 5.0;
				TARGETED_DEVICE_FAMILY = "1,2";
				TEST_HOST = "$(BUILT_PRODUCTS_DIR)/DietiDeals24.app/$(BUNDLE_EXECUTABLE_FOLDER_PATH)/DietiDeals24";
			};
			name = Release;
		};
		944D6F422B13B301008C97F2 /* Debug */ = {
			isa = XCBuildConfiguration;
			buildSettings = {
				ALWAYS_EMBED_SWIFT_STANDARD_LIBRARIES = YES;
				CODE_SIGN_STYLE = Automatic;
				CURRENT_PROJECT_VERSION = 1;
				DEVELOPMENT_TEAM = A7VJFCG77Y;
				GENERATE_INFOPLIST_FILE = YES;
				MARKETING_VERSION = 1.0;
				PRODUCT_BUNDLE_IDENTIFIER = GiuseppeCarannante.DietiDeals24UITests;
				PRODUCT_NAME = "$(TARGET_NAME)";
				SWIFT_EMIT_LOC_STRINGS = NO;
				SWIFT_VERSION = 5.0;
				TARGETED_DEVICE_FAMILY = "1,2";
				TEST_TARGET_NAME = DietiDeals24;
			};
			name = Debug;
		};
		944D6F432B13B301008C97F2 /* Release */ = {
			isa = XCBuildConfiguration;
			buildSettings = {
				ALWAYS_EMBED_SWIFT_STANDARD_LIBRARIES = YES;
				CODE_SIGN_STYLE = Automatic;
				CURRENT_PROJECT_VERSION = 1;
				DEVELOPMENT_TEAM = A7VJFCG77Y;
				GENERATE_INFOPLIST_FILE = YES;
				MARKETING_VERSION = 1.0;
				PRODUCT_BUNDLE_IDENTIFIER = GiuseppeCarannante.DietiDeals24UITests;
				PRODUCT_NAME = "$(TARGET_NAME)";
				SWIFT_EMIT_LOC_STRINGS = NO;
				SWIFT_VERSION = 5.0;
				TARGETED_DEVICE_FAMILY = "1,2";
				TEST_TARGET_NAME = DietiDeals24;
			};
			name = Release;
		};
/* End XCBuildConfiguration section */

/* Begin XCConfigurationList section */
		944D6F122B13B2FD008C97F2 /* Build configuration list for PBXProject "DietiDeals24" */ = {
			isa = XCConfigurationList;
			buildConfigurations = (
				944D6F392B13B301008C97F2 /* Debug */,
				944D6F3A2B13B301008C97F2 /* Release */,
			);
			defaultConfigurationIsVisible = 0;
			defaultConfigurationName = Release;
		};
		944D6F3B2B13B301008C97F2 /* Build configuration list for PBXNativeTarget "DietiDeals24" */ = {
			isa = XCConfigurationList;
			buildConfigurations = (
				944D6F3C2B13B301008C97F2 /* Debug */,
				944D6F3D2B13B301008C97F2 /* Release */,
			);
			defaultConfigurationIsVisible = 0;
			defaultConfigurationName = Release;
		};
		944D6F3E2B13B301008C97F2 /* Build configuration list for PBXNativeTarget "DietiDeals24Tests" */ = {
			isa = XCConfigurationList;
			buildConfigurations = (
				944D6F3F2B13B301008C97F2 /* Debug */,
				944D6F402B13B301008C97F2 /* Release */,
			);
			defaultConfigurationIsVisible = 0;
			defaultConfigurationName = Release;
		};
		944D6F412B13B301008C97F2 /* Build configuration list for PBXNativeTarget "DietiDeals24UITests" */ = {
			isa = XCConfigurationList;
			buildConfigurations = (
				944D6F422B13B301008C97F2 /* Debug */,
				944D6F432B13B301008C97F2 /* Release */,
			);
			defaultConfigurationIsVisible = 0;
			defaultConfigurationName = Release;
		};
/* End XCConfigurationList section */

/* Begin XCRemoteSwiftPackageReference section */
		94EE60132CBAE4380029DB96 /* XCRemoteSwiftPackageReference "firebase-ios-sdk" */ = {
			isa = XCRemoteSwiftPackageReference;
			repositoryURL = "https://github.com/firebase/firebase-ios-sdk.git";
			requirement = {
				kind = upToNextMajorVersion;
				minimumVersion = 11.3.0;
			};
		};
/* End XCRemoteSwiftPackageReference section */

/* Begin XCSwiftPackageProductDependency section */
		94EE60142CBAE4380029DB96 /* FirebaseAnalytics */ = {
			isa = XCSwiftPackageProductDependency;
			package = 94EE60132CBAE4380029DB96 /* XCRemoteSwiftPackageReference "firebase-ios-sdk" */;
			productName = FirebaseAnalytics;
		};
		94EE60162CBAE4380029DB96 /* FirebaseAuth */ = {
			isa = XCSwiftPackageProductDependency;
			package = 94EE60132CBAE4380029DB96 /* XCRemoteSwiftPackageReference "firebase-ios-sdk" */;
			productName = FirebaseAuth;
		};
		94EE60182CBAE4380029DB96 /* FirebaseCore */ = {
			isa = XCSwiftPackageProductDependency;
			package = 94EE60132CBAE4380029DB96 /* XCRemoteSwiftPackageReference "firebase-ios-sdk" */;
			productName = FirebaseCore;
		};
		94EE601A2CBAE4380029DB96 /* FirebaseFirestore */ = {
			isa = XCSwiftPackageProductDependency;
			package = 94EE60132CBAE4380029DB96 /* XCRemoteSwiftPackageReference "firebase-ios-sdk" */;
			productName = FirebaseFirestore;
		};
/* End XCSwiftPackageProductDependency section */
	};
	rootObject = 944D6F0F2B13B2FD008C97F2 /* Project object */;
}
