// !$*UTF8*$!
{
	archiveVersion = 1;
	classes = {
	};
	objectVersion = 56;
	objects = {

/* Begin PBXBuildFile section */
		944D6F1B2B13B2FD008C97F2 /* DietiDeals24App.swift in Sources */ = {isa = PBXBuildFile; fileRef = 944D6F1A2B13B2FD008C97F2 /* DietiDeals24App.swift */; };
		944D6F1D2B13B2FD008C97F2 /* ContentView.swift in Sources */ = {isa = PBXBuildFile; fileRef = 944D6F1C2B13B2FD008C97F2 /* ContentView.swift */; };
		944D6F1F2B13B300008C97F2 /* Assets.xcassets in Resources */ = {isa = PBXBuildFile; fileRef = 944D6F1E2B13B300008C97F2 /* Assets.xcassets */; };
		944D6F222B13B300008C97F2 /* Preview Assets.xcassets in Resources */ = {isa = PBXBuildFile; fileRef = 944D6F212B13B300008C97F2 /* Preview Assets.xcassets */; };
		944D6F2C2B13B301008C97F2 /* DietiDeals24Tests.swift in Sources */ = {isa = PBXBuildFile; fileRef = 944D6F2B2B13B301008C97F2 /* DietiDeals24Tests.swift */; };
		944D6F362B13B301008C97F2 /* DietiDeals24UITests.swift in Sources */ = {isa = PBXBuildFile; fileRef = 944D6F352B13B301008C97F2 /* DietiDeals24UITests.swift */; };
		944D6F382B13B301008C97F2 /* DietiDeals24UITestsLaunchTests.swift in Sources */ = {isa = PBXBuildFile; fileRef = 944D6F372B13B301008C97F2 /* DietiDeals24UITestsLaunchTests.swift */; };
		944D6F452B13B3A3008C97F2 /* LoginView.swift in Sources */ = {isa = PBXBuildFile; fileRef = 944D6F442B13B3A3008C97F2 /* LoginView.swift */; };
		944D6F472B13BA3E008C97F2 /* LoginViewModel.swift in Sources */ = {isa = PBXBuildFile; fileRef = 944D6F462B13BA3E008C97F2 /* LoginViewModel.swift */; };
		A47DF6DB2BA24767000AFD15 /* UserModel.swift in Sources */ = {isa = PBXBuildFile; fileRef = A47DF6DA2BA24767000AFD15 /* UserModel.swift */; };
		A4F956C92BA60CBE00F013ED /* BuyerModel.swift in Sources */ = {isa = PBXBuildFile; fileRef = A4F956C82BA60CBE00F013ED /* BuyerModel.swift */; };
		A4F956CB2BA60E8200F013ED /* AuctionModel.swift in Sources */ = {isa = PBXBuildFile; fileRef = A4F956CA2BA60E8200F013ED /* AuctionModel.swift */; };
		A4F956CD2BA60FAA00F013ED /* ArticleModel.swift in Sources */ = {isa = PBXBuildFile; fileRef = A4F956CC2BA60FAA00F013ED /* ArticleModel.swift */; };
		A4F956CF2BA610E300F013ED /* AstaATempoFissoModel.swift in Sources */ = {isa = PBXBuildFile; fileRef = A4F956CE2BA610E300F013ED /* AstaATempoFissoModel.swift */; };
/* End PBXBuildFile section */

/* Begin PBXContainerItemProxy section */
		944D6F282B13B301008C97F2 /* PBXContainerItemProxy */ = {
			isa = PBXContainerItemProxy;
			containerPortal = 944D6F0F2B13B2FD008C97F2 /* Project object */;
			proxyType = 1;
			remoteGlobalIDString = 944D6F162B13B2FD008C97F2;
			remoteInfo = DietiDeals24;
		};
		944D6F322B13B301008C97F2 /* PBXContainerItemProxy */ = {
			isa = PBXContainerItemProxy;
			containerPortal = 944D6F0F2B13B2FD008C97F2 /* Project object */;
			proxyType = 1;
			remoteGlobalIDString = 944D6F162B13B2FD008C97F2;
			remoteInfo = DietiDeals24;
		};
/* End PBXContainerItemProxy section */

/* Begin PBXFileReference section */
		944D6F172B13B2FD008C97F2 /* DietiDeals24.app */ = {isa = PBXFileReference; explicitFileType = wrapper.application; includeInIndex = 0; path = DietiDeals24.app; sourceTree = BUILT_PRODUCTS_DIR; };
		944D6F1A2B13B2FD008C97F2 /* DietiDeals24App.swift */ = {isa = PBXFileReference; lastKnownFileType = sourcecode.swift; path = DietiDeals24App.swift; sourceTree = "<group>"; };
		944D6F1C2B13B2FD008C97F2 /* ContentView.swift */ = {isa = PBXFileReference; lastKnownFileType = sourcecode.swift; path = ContentView.swift; sourceTree = "<group>"; };
		944D6F1E2B13B300008C97F2 /* Assets.xcassets */ = {isa = PBXFileReference; lastKnownFileType = folder.assetcatalog; path = Assets.xcassets; sourceTree = "<group>"; };
		944D6F212B13B300008C97F2 /* Preview Assets.xcassets */ = {isa = PBXFileReference; lastKnownFileType = folder.assetcatalog; path = "Preview Assets.xcassets"; sourceTree = "<group>"; };
		944D6F272B13B301008C97F2 /* DietiDeals24Tests.xctest */ = {isa = PBXFileReference; explicitFileType = wrapper.cfbundle; includeInIndex = 0; path = DietiDeals24Tests.xctest; sourceTree = BUILT_PRODUCTS_DIR; };
		944D6F2B2B13B301008C97F2 /* DietiDeals24Tests.swift */ = {isa = PBXFileReference; lastKnownFileType = sourcecode.swift; path = DietiDeals24Tests.swift; sourceTree = "<group>"; };
		944D6F312B13B301008C97F2 /* DietiDeals24UITests.xctest */ = {isa = PBXFileReference; explicitFileType = wrapper.cfbundle; includeInIndex = 0; path = DietiDeals24UITests.xctest; sourceTree = BUILT_PRODUCTS_DIR; };
		944D6F352B13B301008C97F2 /* DietiDeals24UITests.swift */ = {isa = PBXFileReference; lastKnownFileType = sourcecode.swift; path = DietiDeals24UITests.swift; sourceTree = "<group>"; };
		944D6F372B13B301008C97F2 /* DietiDeals24UITestsLaunchTests.swift */ = {isa = PBXFileReference; lastKnownFileType = sourcecode.swift; path = DietiDeals24UITestsLaunchTests.swift; sourceTree = "<group>"; };
		944D6F442B13B3A3008C97F2 /* LoginView.swift */ = {isa = PBXFileReference; lastKnownFileType = sourcecode.swift; path = LoginView.swift; sourceTree = "<group>"; };
		944D6F462B13BA3E008C97F2 /* LoginViewModel.swift */ = {isa = PBXFileReference; lastKnownFileType = sourcecode.swift; path = LoginViewModel.swift; sourceTree = "<group>"; };
		A47DF6DA2BA24767000AFD15 /* UserModel.swift */ = {isa = PBXFileReference; lastKnownFileType = sourcecode.swift; path = UserModel.swift; sourceTree = "<group>"; };
		A4F956C82BA60CBE00F013ED /* BuyerModel.swift */ = {isa = PBXFileReference; lastKnownFileType = sourcecode.swift; path = BuyerModel.swift; sourceTree = "<group>"; };
		A4F956CA2BA60E8200F013ED /* AuctionModel.swift */ = {isa = PBXFileReference; lastKnownFileType = sourcecode.swift; path = AuctionModel.swift; sourceTree = "<group>"; };
		A4F956CC2BA60FAA00F013ED /* ArticleModel.swift */ = {isa = PBXFileReference; lastKnownFileType = sourcecode.swift; path = ArticleModel.swift; sourceTree = "<group>"; };
		A4F956CE2BA610E300F013ED /* AstaATempoFissoModel.swift */ = {isa = PBXFileReference; lastKnownFileType = sourcecode.swift; path = AstaATempoFissoModel.swift; sourceTree = "<group>"; };
/* End PBXFileReference section */

/* Begin PBXFrameworksBuildPhase section */
		944D6F142B13B2FD008C97F2 /* Frameworks */ = {
			isa = PBXFrameworksBuildPhase;
			buildActionMask = 2147483647;
			files = (
			);
			runOnlyForDeploymentPostprocessing = 0;
		};
		944D6F242B13B301008C97F2 /* Frameworks */ = {
			isa = PBXFrameworksBuildPhase;
			buildActionMask = 2147483647;
			files = (
			);
			runOnlyForDeploymentPostprocessing = 0;
		};
		944D6F2E2B13B301008C97F2 /* Frameworks */ = {
			isa = PBXFrameworksBuildPhase;
			buildActionMask = 2147483647;
			files = (
			);
			runOnlyForDeploymentPostprocessing = 0;
		};
/* End PBXFrameworksBuildPhase section */

/* Begin PBXGroup section */
		944D6F0E2B13B2FD008C97F2 = {
			isa = PBXGroup;
			children = (
				944D6F192B13B2FD008C97F2 /* DietiDeals24 */,
				944D6F2A2B13B301008C97F2 /* DietiDeals24Tests */,
				944D6F342B13B301008C97F2 /* DietiDeals24UITests */,
				944D6F182B13B2FD008C97F2 /* Products */,
			);
			sourceTree = "<group>";
		};
		944D6F182B13B2FD008C97F2 /* Products */ = {
			isa = PBXGroup;
			children = (
				944D6F172B13B2FD008C97F2 /* DietiDeals24.app */,
				944D6F272B13B301008C97F2 /* DietiDeals24Tests.xctest */,
				944D6F312B13B301008C97F2 /* DietiDeals24UITests.xctest */,
			);
			name = Products;
			sourceTree = "<group>";
		};
		944D6F192B13B2FD008C97F2 /* DietiDeals24 */ = {
			isa = PBXGroup;
			children = (
				944D6F1A2B13B2FD008C97F2 /* DietiDeals24App.swift */,
				944D6F1C2B13B2FD008C97F2 /* ContentView.swift */,
				944D6F442B13B3A3008C97F2 /* LoginView.swift */,
				944D6F462B13BA3E008C97F2 /* LoginViewModel.swift */,
				A47DF6DA2BA24767000AFD15 /* UserModel.swift */,
				A4F956C82BA60CBE00F013ED /* BuyerModel.swift */,
				A4F956CA2BA60E8200F013ED /* AuctionModel.swift */,
				A4F956CC2BA60FAA00F013ED /* ArticleModel.swift */,
				A4F956CE2BA610E300F013ED /* AstaATempoFissoModel.swift */,
				944D6F1E2B13B300008C97F2 /* Assets.xcassets */,
				944D6F202B13B300008C97F2 /* Preview Content */,
			);
			path = DietiDeals24;
			sourceTree = "<group>";
		};
		944D6F202B13B300008C97F2 /* Preview Content */ = {
			isa = PBXGroup;
			children = (
				944D6F212B13B300008C97F2 /* Preview Assets.xcassets */,
			);
			path = "Preview Content";
			sourceTree = "<group>";
		};
		944D6F2A2B13B301008C97F2 /* DietiDeals24Tests */ = {
			isa = PBXGroup;
			children = (
				944D6F2B2B13B301008C97F2 /* DietiDeals24Tests.swift */,
			);
			path = DietiDeals24Tests;
			sourceTree = "<group>";
		};
		944D6F342B13B301008C97F2 /* DietiDeals24UITests */ = {
			isa = PBXGroup;
			children = (
				944D6F352B13B301008C97F2 /* DietiDeals24UITests.swift */,
				944D6F372B13B301008C97F2 /* DietiDeals24UITestsLaunchTests.swift */,
			);
			path = DietiDeals24UITests;
			sourceTree = "<group>";
		};
/* End PBXGroup section */

/* Begin PBXNativeTarget section */
		944D6F162B13B2FD008C97F2 /* DietiDeals24 */ = {
			isa = PBXNativeTarget;
			buildConfigurationList = 944D6F3B2B13B301008C97F2 /* Build configuration list for PBXNativeTarget "DietiDeals24" */;
			buildPhases = (
				944D6F132B13B2FD008C97F2 /* Sources */,
				944D6F142B13B2FD008C97F2 /* Frameworks */,
				944D6F152B13B2FD008C97F2 /* Resources */,
			);
			buildRules = (
			);
			dependencies = (
			);
			name = DietiDeals24;
			productName = DietiDeals24;
			productReference = 944D6F172B13B2FD008C97F2 /* DietiDeals24.app */;
			productType = "com.apple.product-type.application";
		};
		944D6F262B13B301008C97F2 /* DietiDeals24Tests */ = {
			isa = PBXNativeTarget;
			buildConfigurationList = 944D6F3E2B13B301008C97F2 /* Build configuration list for PBXNativeTarget "DietiDeals24Tests" */;
			buildPhases = (
				944D6F232B13B301008C97F2 /* Sources */,
				944D6F242B13B301008C97F2 /* Frameworks */,
				944D6F252B13B301008C97F2 /* Resources */,
			);
			buildRules = (
			);
			dependencies = (
				944D6F292B13B301008C97F2 /* PBXTargetDependency */,
			);
			name = DietiDeals24Tests;
			productName = DietiDeals24Tests;
			productReference = 944D6F272B13B301008C97F2 /* DietiDeals24Tests.xctest */;
			productType = "com.apple.product-type.bundle.unit-test";
		};
		944D6F302B13B301008C97F2 /* DietiDeals24UITests */ = {
			isa = PBXNativeTarget;
			buildConfigurationList = 944D6F412B13B301008C97F2 /* Build configuration list for PBXNativeTarget "DietiDeals24UITests" */;
			buildPhases = (
				944D6F2D2B13B301008C97F2 /* Sources */,
				944D6F2E2B13B301008C97F2 /* Frameworks */,
				944D6F2F2B13B301008C97F2 /* Resources */,
			);
			buildRules = (
			);
			dependencies = (
				944D6F332B13B301008C97F2 /* PBXTargetDependency */,
			);
			name = DietiDeals24UITests;
			productName = DietiDeals24UITests;
			productReference = 944D6F312B13B301008C97F2 /* DietiDeals24UITests.xctest */;
			productType = "com.apple.product-type.bundle.ui-testing";
		};
/* End PBXNativeTarget section */

/* Begin PBXProject section */
		944D6F0F2B13B2FD008C97F2 /* Project object */ = {
			isa = PBXProject;
			attributes = {
				BuildIndependentTargetsInParallel = 1;
				LastSwiftUpdateCheck = 1500;
				LastUpgradeCheck = 1500;
				TargetAttributes = {
					944D6F162B13B2FD008C97F2 = {
						CreatedOnToolsVersion = 15.0.1;
					};
					944D6F262B13B301008C97F2 = {
						CreatedOnToolsVersion = 15.0.1;
						TestTargetID = 944D6F162B13B2FD008C97F2;
					};
					944D6F302B13B301008C97F2 = {
						CreatedOnToolsVersion = 15.0.1;
						TestTargetID = 944D6F162B13B2FD008C97F2;
					};
				};
			};
			buildConfigurationList = 944D6F122B13B2FD008C97F2 /* Build configuration list for PBXProject "DietiDeals24" */;
			compatibilityVersion = "Xcode 14.0";
			developmentRegion = en;
			hasScannedForEncodings = 0;
			knownRegions = (
				en,
				Base,
			);
			mainGroup = 944D6F0E2B13B2FD008C97F2;
			productRefGroup = 944D6F182B13B2FD008C97F2 /* Products */;
			projectDirPath = "";
			projectRoot = "";
			targets = (
				944D6F162B13B2FD008C97F2 /* DietiDeals24 */,
				944D6F262B13B301008C97F2 /* DietiDeals24Tests */,
				944D6F302B13B301008C97F2 /* DietiDeals24UITests */,
			);
		};
/* End PBXProject section */

/* Begin PBXResourcesBuildPhase section */
		944D6F152B13B2FD008C97F2 /* Resources */ = {
			isa = PBXResourcesBuildPhase;
			buildActionMask = 2147483647;
			files = (
				944D6F222B13B300008C97F2 /* Preview Assets.xcassets in Resources */,
				944D6F1F2B13B300008C97F2 /* Assets.xcassets in Resources */,
			);
			runOnlyForDeploymentPostprocessing = 0;
		};
		944D6F252B13B301008C97F2 /* Resources */ = {
			isa = PBXResourcesBuildPhase;
			buildActionMask = 2147483647;
			files = (
			);
			runOnlyForDeploymentPostprocessing = 0;
		};
		944D6F2F2B13B301008C97F2 /* Resources */ = {
			isa = PBXResourcesBuildPhase;
			buildActionMask = 2147483647;
			files = (
			);
			runOnlyForDeploymentPostprocessing = 0;
		};
/* End PBXResourcesBuildPhase section */

/* Begin PBXSourcesBuildPhase section */
		944D6F132B13B2FD008C97F2 /* Sources */ = {
			isa = PBXSourcesBuildPhase;
			buildActionMask = 2147483647;
			files = (
				A4F956CB2BA60E8200F013ED /* AuctionModel.swift in Sources */,
				944D6F472B13BA3E008C97F2 /* LoginViewModel.swift in Sources */,
				A4F956CD2BA60FAA00F013ED /* ArticleModel.swift in Sources */,
				A4F956C92BA60CBE00F013ED /* BuyerModel.swift in Sources */,
				944D6F452B13B3A3008C97F2 /* LoginView.swift in Sources */,
				944D6F1D2B13B2FD008C97F2 /* ContentView.swift in Sources */,
				A4F956CF2BA610E300F013ED /* AstaATempoFissoModel.swift in Sources */,
				A47DF6DB2BA24767000AFD15 /* UserModel.swift in Sources */,
				944D6F1B2B13B2FD008C97F2 /* DietiDeals24App.swift in Sources */,
			);
			runOnlyForDeploymentPostprocessing = 0;
		};
		944D6F232B13B301008C97F2 /* Sources */ = {
			isa = PBXSourcesBuildPhase;
			buildActionMask = 2147483647;
			files = (
				944D6F2C2B13B301008C97F2 /* DietiDeals24Tests.swift in Sources */,
			);
			runOnlyForDeploymentPostprocessing = 0;
		};
		944D6F2D2B13B301008C97F2 /* Sources */ = {
			isa = PBXSourcesBuildPhase;
			buildActionMask = 2147483647;
			files = (
				944D6F382B13B301008C97F2 /* DietiDeals24UITestsLaunchTests.swift in Sources */,
				944D6F362B13B301008C97F2 /* DietiDeals24UITests.swift in Sources */,
			);
			runOnlyForDeploymentPostprocessing = 0;
		};
/* End PBXSourcesBuildPhase section */

/* Begin PBXTargetDependency section */
		944D6F292B13B301008C97F2 /* PBXTargetDependency */ = {
			isa = PBXTargetDependency;
			target = 944D6F162B13B2FD008C97F2 /* DietiDeals24 */;
			targetProxy = 944D6F282B13B301008C97F2 /* PBXContainerItemProxy */;
		};
		944D6F332B13B301008C97F2 /* PBXTargetDependency */ = {
			isa = PBXTargetDependency;
			target = 944D6F162B13B2FD008C97F2 /* DietiDeals24 */;
			targetProxy = 944D6F322B13B301008C97F2 /* PBXContainerItemProxy */;
		};
/* End PBXTargetDependency section */

/* Begin XCBuildConfiguration section */
		944D6F392B13B301008C97F2 /* Debug */ = {
			isa = XCBuildConfiguration;
			buildSettings = {
				ALWAYS_SEARCH_USER_PATHS = NO;
				ASSETCATALOG_COMPILER_GENERATE_SWIFT_ASSET_SYMBOL_EXTENSIONS = YES;
				CLANG_ANALYZER_NONNULL = YES;
				CLANG_ANALYZER_NUMBER_OBJECT_CONVERSION = YES_AGGRESSIVE;
				CLANG_CXX_LANGUAGE_STANDARD = "gnu++20";
				CLANG_ENABLE_MODULES = YES;
				CLANG_ENABLE_OBJC_ARC = YES;
				CLANG_ENABLE_OBJC_WEAK = YES;
				CLANG_WARN_BLOCK_CAPTURE_AUTORELEASING = YES;
				CLANG_WARN_BOOL_CONVERSION = YES;
				CLANG_WARN_COMMA = YES;
				CLANG_WARN_CONSTANT_CONVERSION = YES;
				CLANG_WARN_DEPRECATED_OBJC_IMPLEMENTATIONS = YES;
				CLANG_WARN_DIRECT_OBJC_ISA_USAGE = YES_ERROR;
				CLANG_WARN_DOCUMENTATION_COMMENTS = YES;
				CLANG_WARN_EMPTY_BODY = YES;
				CLANG_WARN_ENUM_CONVERSION = YES;
				CLANG_WARN_INFINITE_RECURSION = YES;
				CLANG_WARN_INT_CONVERSION = YES;
				CLANG_WARN_NON_LITERAL_NULL_CONVERSION = YES;
				CLANG_WARN_OBJC_IMPLICIT_RETAIN_SELF = YES;
				CLANG_WARN_OBJC_LITERAL_CONVERSION = YES;
				CLANG_WARN_OBJC_ROOT_CLASS = YES_ERROR;
				CLANG_WARN_QUOTED_INCLUDE_IN_FRAMEWORK_HEADER = YES;
				CLANG_WARN_RANGE_LOOP_ANALYSIS = YES;
				CLANG_WARN_STRICT_PROTOTYPES = YES;
				CLANG_WARN_SUSPICIOUS_MOVE = YES;
				CLANG_WARN_UNGUARDED_AVAILABILITY = YES_AGGRESSIVE;
				CLANG_WARN_UNREACHABLE_CODE = YES;
				CLANG_WARN__DUPLICATE_METHOD_MATCH = YES;
				COPY_PHASE_STRIP = NO;
				DEBUG_INFORMATION_FORMAT = dwarf;
				ENABLE_STRICT_OBJC_MSGSEND = YES;
				ENABLE_TESTABILITY = YES;
				ENABLE_USER_SCRIPT_SANDBOXING = YES;
				GCC_C_LANGUAGE_STANDARD = gnu17;
				GCC_DYNAMIC_NO_PIC = NO;
				GCC_NO_COMMON_BLOCKS = YES;
				GCC_OPTIMIZATION_LEVEL = 0;
				GCC_PREPROCESSOR_DEFINITIONS = (
					"DEBUG=1",
					"$(inherited)",
				);
				GCC_WARN_64_TO_32_BIT_CONVERSION = YES;
				GCC_WARN_ABOUT_RETURN_TYPE = YES_ERROR;
				GCC_WARN_UNDECLARED_SELECTOR = YES;
				GCC_WARN_UNINITIALIZED_AUTOS = YES_AGGRESSIVE;
				GCC_WARN_UNUSED_FUNCTION = YES;
				GCC_WARN_UNUSED_VARIABLE = YES;
				IPHONEOS_DEPLOYMENT_TARGET = 17.0;
				LOCALIZATION_PREFERS_STRING_CATALOGS = YES;
				MTL_ENABLE_DEBUG_INFO = INCLUDE_SOURCE;
				MTL_FAST_MATH = YES;
				ONLY_ACTIVE_ARCH = YES;
				SDKROOT = iphoneos;
				SWIFT_ACTIVE_COMPILATION_CONDITIONS = "DEBUG $(inherited)";
				SWIFT_OPTIMIZATION_LEVEL = "-Onone";
			};
			name = Debug;
		};
		944D6F3A2B13B301008C97F2 /* Release */ = {
			isa = XCBuildConfiguration;
			buildSettings = {
				ALWAYS_SEARCH_USER_PATHS = NO;
				ASSETCATALOG_COMPILER_GENERATE_SWIFT_ASSET_SYMBOL_EXTENSIONS = YES;
				CLANG_ANALYZER_NONNULL = YES;
				CLANG_ANALYZER_NUMBER_OBJECT_CONVERSION = YES_AGGRESSIVE;
				CLANG_CXX_LANGUAGE_STANDARD = "gnu++20";
				CLANG_ENABLE_MODULES = YES;
				CLANG_ENABLE_OBJC_ARC = YES;
				CLANG_ENABLE_OBJC_WEAK = YES;
				CLANG_WARN_BLOCK_CAPTURE_AUTORELEASING = YES;
				CLANG_WARN_BOOL_CONVERSION = YES;
				CLANG_WARN_COMMA = YES;
				CLANG_WARN_CONSTANT_CONVERSION = YES;
				CLANG_WARN_DEPRECATED_OBJC_IMPLEMENTATIONS = YES;
				CLANG_WARN_DIRECT_OBJC_ISA_USAGE = YES_ERROR;
				CLANG_WARN_DOCUMENTATION_COMMENTS = YES;
				CLANG_WARN_EMPTY_BODY = YES;
				CLANG_WARN_ENUM_CONVERSION = YES;
				CLANG_WARN_INFINITE_RECURSION = YES;
				CLANG_WARN_INT_CONVERSION = YES;
				CLANG_WARN_NON_LITERAL_NULL_CONVERSION = YES;
				CLANG_WARN_OBJC_IMPLICIT_RETAIN_SELF = YES;
				CLANG_WARN_OBJC_LITERAL_CONVERSION = YES;
				CLANG_WARN_OBJC_ROOT_CLASS = YES_ERROR;
				CLANG_WARN_QUOTED_INCLUDE_IN_FRAMEWORK_HEADER = YES;
				CLANG_WARN_RANGE_LOOP_ANALYSIS = YES;
				CLANG_WARN_STRICT_PROTOTYPES = YES;
				CLANG_WARN_SUSPICIOUS_MOVE = YES;
				CLANG_WARN_UNGUARDED_AVAILABILITY = YES_AGGRESSIVE;
				CLANG_WARN_UNREACHABLE_CODE = YES;
				CLANG_WARN__DUPLICATE_METHOD_MATCH = YES;
				COPY_PHASE_STRIP = NO;
				DEBUG_INFORMATION_FORMAT = "dwarf-with-dsym";
				ENABLE_NS_ASSERTIONS = NO;
				ENABLE_STRICT_OBJC_MSGSEND = YES;
				ENABLE_USER_SCRIPT_SANDBOXING = YES;
				GCC_C_LANGUAGE_STANDARD = gnu17;
				GCC_NO_COMMON_BLOCKS = YES;
				GCC_WARN_64_TO_32_BIT_CONVERSION = YES;
				GCC_WARN_ABOUT_RETURN_TYPE = YES_ERROR;
				GCC_WARN_UNDECLARED_SELECTOR = YES;
				GCC_WARN_UNINITIALIZED_AUTOS = YES_AGGRESSIVE;
				GCC_WARN_UNUSED_FUNCTION = YES;
				GCC_WARN_UNUSED_VARIABLE = YES;
				IPHONEOS_DEPLOYMENT_TARGET = 17.0;
				LOCALIZATION_PREFERS_STRING_CATALOGS = YES;
				MTL_ENABLE_DEBUG_INFO = NO;
				MTL_FAST_MATH = YES;
				SDKROOT = iphoneos;
				SWIFT_COMPILATION_MODE = wholemodule;
				VALIDATE_PRODUCT = YES;
			};
			name = Release;
		};
		944D6F3C2B13B301008C97F2 /* Debug */ = {
			isa = XCBuildConfiguration;
			buildSettings = {
				ASSETCATALOG_COMPILER_APPICON_NAME = AppIcon;
				ASSETCATALOG_COMPILER_GLOBAL_ACCENT_COLOR_NAME = AccentColor;
				CODE_SIGN_STYLE = Automatic;
				CURRENT_PROJECT_VERSION = 1;
				DEVELOPMENT_ASSET_PATHS = "\"DietiDeals24/Preview Content\"";
				DEVELOPMENT_TEAM = 88BNMW429W;
				ENABLE_PREVIEWS = YES;
				GENERATE_INFOPLIST_FILE = YES;
				INFOPLIST_KEY_UIApplicationSceneManifest_Generation = YES;
				INFOPLIST_KEY_UIApplicationSupportsIndirectInputEvents = YES;
				INFOPLIST_KEY_UILaunchScreen_Generation = YES;
				INFOPLIST_KEY_UISupportedInterfaceOrientations_iPad = "UIInterfaceOrientationPortrait UIInterfaceOrientationPortraitUpsideDown UIInterfaceOrientationLandscapeLeft UIInterfaceOrientationLandscapeRight";
				INFOPLIST_KEY_UISupportedInterfaceOrientations_iPhone = "UIInterfaceOrientationPortrait UIInterfaceOrientationLandscapeLeft UIInterfaceOrientationLandscapeRight";
				IPHONEOS_DEPLOYMENT_TARGET = 16.2;
				LD_RUNPATH_SEARCH_PATHS = (
					"$(inherited)",
					"@executable_path/Frameworks",
				);
				MARKETING_VERSION = 1.0;
				PRODUCT_BUNDLE_IDENTIFIER = AledeGre.DietiDeals24;
				PRODUCT_NAME = "$(TARGET_NAME)";
				SWIFT_EMIT_LOC_STRINGS = YES;
				SWIFT_VERSION = 5.0;
				TARGETED_DEVICE_FAMILY = "1,2";
			};
			name = Debug;
		};
		944D6F3D2B13B301008C97F2 /* Release */ = {
			isa = XCBuildConfiguration;
			buildSettings = {
				ASSETCATALOG_COMPILER_APPICON_NAME = AppIcon;
				ASSETCATALOG_COMPILER_GLOBAL_ACCENT_COLOR_NAME = AccentColor;
				CODE_SIGN_STYLE = Automatic;
				CURRENT_PROJECT_VERSION = 1;
				DEVELOPMENT_ASSET_PATHS = "\"DietiDeals24/Preview Content\"";
				DEVELOPMENT_TEAM = 88BNMW429W;
				ENABLE_PREVIEWS = YES;
				GENERATE_INFOPLIST_FILE = YES;
				INFOPLIST_KEY_UIApplicationSceneManifest_Generation = YES;
				INFOPLIST_KEY_UIApplicationSupportsIndirectInputEvents = YES;
				INFOPLIST_KEY_UILaunchScreen_Generation = YES;
				INFOPLIST_KEY_UISupportedInterfaceOrientations_iPad = "UIInterfaceOrientationPortrait UIInterfaceOrientationPortraitUpsideDown UIInterfaceOrientationLandscapeLeft UIInterfaceOrientationLandscapeRight";
				INFOPLIST_KEY_UISupportedInterfaceOrientations_iPhone = "UIInterfaceOrientationPortrait UIInterfaceOrientationLandscapeLeft UIInterfaceOrientationLandscapeRight";
				IPHONEOS_DEPLOYMENT_TARGET = 16.2;
				LD_RUNPATH_SEARCH_PATHS = (
					"$(inherited)",
					"@executable_path/Frameworks",
				);
				MARKETING_VERSION = 1.0;
				PRODUCT_BUNDLE_IDENTIFIER = AledeGre.DietiDeals24;
				PRODUCT_NAME = "$(TARGET_NAME)";
				SWIFT_EMIT_LOC_STRINGS = YES;
				SWIFT_VERSION = 5.0;
				TARGETED_DEVICE_FAMILY = "1,2";
			};
			name = Release;
		};
		944D6F3F2B13B301008C97F2 /* Debug */ = {
			isa = XCBuildConfiguration;
			buildSettings = {
				ALWAYS_EMBED_SWIFT_STANDARD_LIBRARIES = YES;
				BUNDLE_LOADER = "$(TEST_HOST)";
				CODE_SIGN_STYLE = Automatic;
				CURRENT_PROJECT_VERSION = 1;
				DEVELOPMENT_TEAM = A7VJFCG77Y;
				GENERATE_INFOPLIST_FILE = YES;
				IPHONEOS_DEPLOYMENT_TARGET = 17.0;
				MARKETING_VERSION = 1.0;
				PRODUCT_BUNDLE_IDENTIFIER = GiuseppeCarannante.DietiDeals24Tests;
				PRODUCT_NAME = "$(TARGET_NAME)";
				SWIFT_EMIT_LOC_STRINGS = NO;
				SWIFT_VERSION = 5.0;
				TARGETED_DEVICE_FAMILY = "1,2";
				TEST_HOST = "$(BUILT_PRODUCTS_DIR)/DietiDeals24.app/$(BUNDLE_EXECUTABLE_FOLDER_PATH)/DietiDeals24";
			};
			name = Debug;
		};
		944D6F402B13B301008C97F2 /* Release */ = {
			isa = XCBuildConfiguration;
			buildSettings = {
				ALWAYS_EMBED_SWIFT_STANDARD_LIBRARIES = YES;
				BUNDLE_LOADER = "$(TEST_HOST)";
				CODE_SIGN_STYLE = Automatic;
				CURRENT_PROJECT_VERSION = 1;
				DEVELOPMENT_TEAM = A7VJFCG77Y;
				GENERATE_INFOPLIST_FILE = YES;
				IPHONEOS_DEPLOYMENT_TARGET = 17.0;
				MARKETING_VERSION = 1.0;
				PRODUCT_BUNDLE_IDENTIFIER = GiuseppeCarannante.DietiDeals24Tests;
				PRODUCT_NAME = "$(TARGET_NAME)";
				SWIFT_EMIT_LOC_STRINGS = NO;
				SWIFT_VERSION = 5.0;
				TARGETED_DEVICE_FAMILY = "1,2";
				TEST_HOST = "$(BUILT_PRODUCTS_DIR)/DietiDeals24.app/$(BUNDLE_EXECUTABLE_FOLDER_PATH)/DietiDeals24";
			};
			name = Release;
		};
		944D6F422B13B301008C97F2 /* Debug */ = {
			isa = XCBuildConfiguration;
			buildSettings = {
				ALWAYS_EMBED_SWIFT_STANDARD_LIBRARIES = YES;
				CODE_SIGN_STYLE = Automatic;
				CURRENT_PROJECT_VERSION = 1;
				DEVELOPMENT_TEAM = A7VJFCG77Y;
				GENERATE_INFOPLIST_FILE = YES;
				MARKETING_VERSION = 1.0;
				PRODUCT_BUNDLE_IDENTIFIER = GiuseppeCarannante.DietiDeals24UITests;
				PRODUCT_NAME = "$(TARGET_NAME)";
				SWIFT_EMIT_LOC_STRINGS = NO;
				SWIFT_VERSION = 5.0;
				TARGETED_DEVICE_FAMILY = "1,2";
				TEST_TARGET_NAME = DietiDeals24;
			};
			name = Debug;
		};
		944D6F432B13B301008C97F2 /* Release */ = {
			isa = XCBuildConfiguration;
			buildSettings = {
				ALWAYS_EMBED_SWIFT_STANDARD_LIBRARIES = YES;
				CODE_SIGN_STYLE = Automatic;
				CURRENT_PROJECT_VERSION = 1;
				DEVELOPMENT_TEAM = A7VJFCG77Y;
				GENERATE_INFOPLIST_FILE = YES;
				MARKETING_VERSION = 1.0;
				PRODUCT_BUNDLE_IDENTIFIER = GiuseppeCarannante.DietiDeals24UITests;
				PRODUCT_NAME = "$(TARGET_NAME)";
				SWIFT_EMIT_LOC_STRINGS = NO;
				SWIFT_VERSION = 5.0;
				TARGETED_DEVICE_FAMILY = "1,2";
				TEST_TARGET_NAME = DietiDeals24;
			};
			name = Release;
		};
/* End XCBuildConfiguration section */

/* Begin XCConfigurationList section */
		944D6F122B13B2FD008C97F2 /* Build configuration list for PBXProject "DietiDeals24" */ = {
			isa = XCConfigurationList;
			buildConfigurations = (
				944D6F392B13B301008C97F2 /* Debug */,
				944D6F3A2B13B301008C97F2 /* Release */,
			);
			defaultConfigurationIsVisible = 0;
			defaultConfigurationName = Release;
		};
		944D6F3B2B13B301008C97F2 /* Build configuration list for PBXNativeTarget "DietiDeals24" */ = {
			isa = XCConfigurationList;
			buildConfigurations = (
				944D6F3C2B13B301008C97F2 /* Debug */,
				944D6F3D2B13B301008C97F2 /* Release */,
			);
			defaultConfigurationIsVisible = 0;
			defaultConfigurationName = Release;
		};
		944D6F3E2B13B301008C97F2 /* Build configuration list for PBXNativeTarget "DietiDeals24Tests" */ = {
			isa = XCConfigurationList;
			buildConfigurations = (
				944D6F3F2B13B301008C97F2 /* Debug */,
				944D6F402B13B301008C97F2 /* Release */,
			);
			defaultConfigurationIsVisible = 0;
			defaultConfigurationName = Release;
		};
		944D6F412B13B301008C97F2 /* Build configuration list for PBXNativeTarget "DietiDeals24UITests" */ = {
			isa = XCConfigurationList;
			buildConfigurations = (
				944D6F422B13B301008C97F2 /* Debug */,
				944D6F432B13B301008C97F2 /* Release */,
			);
			defaultConfigurationIsVisible = 0;
			defaultConfigurationName = Release;
		};
/* End XCConfigurationList section */
	};
	rootObject = 944D6F0F2B13B2FD008C97F2 /* Project object */;
}
